// !$*UTF8*$!
{
	archiveVersion = 1;
	classes = {
	};
	objectVersion = 46;
	objects = {

/* Begin PBXBuildFile section */
		FAADC8B91A6E5DCC00C0EA5C /* AppDelegate.swift in Sources */ = {isa = PBXBuildFile; fileRef = FAADC8B81A6E5DCC00C0EA5C /* AppDelegate.swift */; };
		FAADC8BB1A6E5DCC00C0EA5C /* ViewController.swift in Sources */ = {isa = PBXBuildFile; fileRef = FAADC8BA1A6E5DCC00C0EA5C /* ViewController.swift */; };
		FAADC8BE1A6E5DCC00C0EA5C /* Main.storyboard in Resources */ = {isa = PBXBuildFile; fileRef = FAADC8BC1A6E5DCC00C0EA5C /* Main.storyboard */; };
		FAADC8C01A6E5DCC00C0EA5C /* Images.xcassets in Resources */ = {isa = PBXBuildFile; fileRef = FAADC8BF1A6E5DCC00C0EA5C /* Images.xcassets */; };
		FAADC8C31A6E5DCC00C0EA5C /* LaunchScreen.xib in Resources */ = {isa = PBXBuildFile; fileRef = FAADC8C11A6E5DCC00C0EA5C /* LaunchScreen.xib */; };
		FAADC8CF1A6E5DCC00C0EA5C /* webappTests.swift in Sources */ = {isa = PBXBuildFile; fileRef = FAADC8CE1A6E5DCC00C0EA5C /* webappTests.swift */; };
/* End PBXBuildFile section */

/* Begin PBXContainerItemProxy section */
		FAADC8C91A6E5DCC00C0EA5C /* PBXContainerItemProxy */ = {
			isa = PBXContainerItemProxy;
			containerPortal = FAADC8AB1A6E5DCC00C0EA5C /* Project object */;
			proxyType = 1;
			remoteGlobalIDString = FAADC8B21A6E5DCC00C0EA5C;
			remoteInfo = webapp;
		};
/* End PBXContainerItemProxy section */

/* Begin PBXFileReference section */
		FAADC8B31A6E5DCC00C0EA5C /* webapp.app */ = {isa = PBXFileReference; explicitFileType = wrapper.application; includeInIndex = 0; path = webapp.app; sourceTree = BUILT_PRODUCTS_DIR; };
		FAADC8B71A6E5DCC00C0EA5C /* Info.plist */ = {isa = PBXFileReference; lastKnownFileType = text.plist.xml; path = Info.plist; sourceTree = "<group>"; };
		FAADC8B81A6E5DCC00C0EA5C /* AppDelegate.swift */ = {isa = PBXFileReference; lastKnownFileType = sourcecode.swift; path = AppDelegate.swift; sourceTree = "<group>"; };
		FAADC8BA1A6E5DCC00C0EA5C /* ViewController.swift */ = {isa = PBXFileReference; lastKnownFileType = sourcecode.swift; path = ViewController.swift; sourceTree = "<group>"; };
		FAADC8BD1A6E5DCC00C0EA5C /* Base */ = {isa = PBXFileReference; lastKnownFileType = file.storyboard; name = Base; path = Base.lproj/Main.storyboard; sourceTree = "<group>"; };
		FAADC8BF1A6E5DCC00C0EA5C /* Images.xcassets */ = {isa = PBXFileReference; lastKnownFileType = folder.assetcatalog; path = Images.xcassets; sourceTree = "<group>"; };
		FAADC8C21A6E5DCC00C0EA5C /* Base */ = {isa = PBXFileReference; lastKnownFileType = file.xib; name = Base; path = Base.lproj/LaunchScreen.xib; sourceTree = "<group>"; };
		FAADC8C81A6E5DCC00C0EA5C /* webappTests.xctest */ = {isa = PBXFileReference; explicitFileType = wrapper.cfbundle; includeInIndex = 0; path = webappTests.xctest; sourceTree = BUILT_PRODUCTS_DIR; };
		FAADC8CD1A6E5DCC00C0EA5C /* Info.plist */ = {isa = PBXFileReference; lastKnownFileType = text.plist.xml; path = Info.plist; sourceTree = "<group>"; };
		FAADC8CE1A6E5DCC00C0EA5C /* webappTests.swift */ = {isa = PBXFileReference; lastKnownFileType = sourcecode.swift; path = webappTests.swift; sourceTree = "<group>"; };
/* End PBXFileReference section */

/* Begin PBXFrameworksBuildPhase section */
		FAADC8B01A6E5DCC00C0EA5C /* Frameworks */ = {
			isa = PBXFrameworksBuildPhase;
			buildActionMask = 2147483647;
			files = (
			);
			runOnlyForDeploymentPostprocessing = 0;
		};
		FAADC8C51A6E5DCC00C0EA5C /* Frameworks */ = {
			isa = PBXFrameworksBuildPhase;
			buildActionMask = 2147483647;
			files = (
			);
			runOnlyForDeploymentPostprocessing = 0;
		};
/* End PBXFrameworksBuildPhase section */

/* Begin PBXGroup section */
		FAADC8AA1A6E5DCC00C0EA5C = {
			isa = PBXGroup;
			children = (
				FAADC8B51A6E5DCC00C0EA5C /* webapp */,
				FAADC8CB1A6E5DCC00C0EA5C /* webappTests */,
				FAADC8B41A6E5DCC00C0EA5C /* Products */,
			);
			sourceTree = "<group>";
		};
		FAADC8B41A6E5DCC00C0EA5C /* Products */ = {
			isa = PBXGroup;
			children = (
				FAADC8B31A6E5DCC00C0EA5C /* webapp.app */,
				FAADC8C81A6E5DCC00C0EA5C /* webappTests.xctest */,
			);
			name = Products;
			sourceTree = "<group>";
		};
		FAADC8B51A6E5DCC00C0EA5C /* webapp */ = {
			isa = PBXGroup;
			children = (
				FAADC8B81A6E5DCC00C0EA5C /* AppDelegate.swift */,
				FAADC8BA1A6E5DCC00C0EA5C /* ViewController.swift */,
				FAADC8BC1A6E5DCC00C0EA5C /* Main.storyboard */,
				FAADC8BF1A6E5DCC00C0EA5C /* Images.xcassets */,
				FAADC8C11A6E5DCC00C0EA5C /* LaunchScreen.xib */,
				FAADC8B61A6E5DCC00C0EA5C /* Supporting Files */,
			);
			path = webapp;
			sourceTree = "<group>";
		};
		FAADC8B61A6E5DCC00C0EA5C /* Supporting Files */ = {
			isa = PBXGroup;
			children = (
				FAADC8B71A6E5DCC00C0EA5C /* Info.plist */,
			);
			name = "Supporting Files";
			sourceTree = "<group>";
		};
		FAADC8CB1A6E5DCC00C0EA5C /* webappTests */ = {
			isa = PBXGroup;
			children = (
				FAADC8CE1A6E5DCC00C0EA5C /* webappTests.swift */,
				FAADC8CC1A6E5DCC00C0EA5C /* Supporting Files */,
			);
			path = webappTests;
			sourceTree = "<group>";
		};
		FAADC8CC1A6E5DCC00C0EA5C /* Supporting Files */ = {
			isa = PBXGroup;
			children = (
				FAADC8CD1A6E5DCC00C0EA5C /* Info.plist */,
			);
			name = "Supporting Files";
			sourceTree = "<group>";
		};
/* End PBXGroup section */

/* Begin PBXNativeTarget section */
		FAADC8B21A6E5DCC00C0EA5C /* webapp */ = {
			isa = PBXNativeTarget;
			buildConfigurationList = FAADC8D21A6E5DCC00C0EA5C /* Build configuration list for PBXNativeTarget "webapp" */;
			buildPhases = (
				FAADC8AF1A6E5DCC00C0EA5C /* Sources */,
				FAADC8B01A6E5DCC00C0EA5C /* Frameworks */,
				FAADC8B11A6E5DCC00C0EA5C /* Resources */,
			);
			buildRules = (
			);
			dependencies = (
			);
			name = webapp;
			productName = webapp;
			productReference = FAADC8B31A6E5DCC00C0EA5C /* webapp.app */;
			productType = "com.apple.product-type.application";
		};
		FAADC8C71A6E5DCC00C0EA5C /* webappTests */ = {
			isa = PBXNativeTarget;
			buildConfigurationList = FAADC8D51A6E5DCC00C0EA5C /* Build configuration list for PBXNativeTarget "webappTests" */;
			buildPhases = (
				FAADC8C41A6E5DCC00C0EA5C /* Sources */,
				FAADC8C51A6E5DCC00C0EA5C /* Frameworks */,
				FAADC8C61A6E5DCC00C0EA5C /* Resources */,
			);
			buildRules = (
			);
			dependencies = (
				FAADC8CA1A6E5DCC00C0EA5C /* PBXTargetDependency */,
			);
			name = webappTests;
			productName = webappTests;
			productReference = FAADC8C81A6E5DCC00C0EA5C /* webappTests.xctest */;
			productType = "com.apple.product-type.bundle.unit-test";
		};
/* End PBXNativeTarget section */

/* Begin PBXProject section */
		FAADC8AB1A6E5DCC00C0EA5C /* Project object */ = {
			isa = PBXProject;
			attributes = {
				LastUpgradeCheck = 0610;
				ORGANIZATIONNAME = "Yuki phi";
				TargetAttributes = {
					FAADC8B21A6E5DCC00C0EA5C = {
						CreatedOnToolsVersion = 6.1.1;
					};
					FAADC8C71A6E5DCC00C0EA5C = {
						CreatedOnToolsVersion = 6.1.1;
						TestTargetID = FAADC8B21A6E5DCC00C0EA5C;
					};
				};
			};
			buildConfigurationList = FAADC8AE1A6E5DCC00C0EA5C /* Build configuration list for PBXProject "webapp" */;
			compatibilityVersion = "Xcode 3.2";
			developmentRegion = English;
			hasScannedForEncodings = 0;
			knownRegions = (
				en,
				Base,
			);
			mainGroup = FAADC8AA1A6E5DCC00C0EA5C;
			productRefGroup = FAADC8B41A6E5DCC00C0EA5C /* Products */;
			projectDirPath = "";
			projectRoot = "";
			targets = (
				FAADC8B21A6E5DCC00C0EA5C /* webapp */,
				FAADC8C71A6E5DCC00C0EA5C /* webappTests */,
			);
		};
/* End PBXProject section */

/* Begin PBXResourcesBuildPhase section */
		FAADC8B11A6E5DCC00C0EA5C /* Resources */ = {
			isa = PBXResourcesBuildPhase;
			buildActionMask = 2147483647;
			files = (
				FAADC8BE1A6E5DCC00C0EA5C /* Main.storyboard in Resources */,
				FAADC8C31A6E5DCC00C0EA5C /* LaunchScreen.xib in Resources */,
				FAADC8C01A6E5DCC00C0EA5C /* Images.xcassets in Resources */,
			);
			runOnlyForDeploymentPostprocessing = 0;
		};
		FAADC8C61A6E5DCC00C0EA5C /* Resources */ = {
			isa = PBXResourcesBuildPhase;
			buildActionMask = 2147483647;
			files = (
			);
			runOnlyForDeploymentPostprocessing = 0;
		};
/* End PBXResourcesBuildPhase section */

/* Begin PBXSourcesBuildPhase section */
		FAADC8AF1A6E5DCC00C0EA5C /* Sources */ = {
			isa = PBXSourcesBuildPhase;
			buildActionMask = 2147483647;
			files = (
				FAADC8BB1A6E5DCC00C0EA5C /* ViewController.swift in Sources */,
				FAADC8B91A6E5DCC00C0EA5C /* AppDelegate.swift in Sources */,
			);
			runOnlyForDeploymentPostprocessing = 0;
		};
		FAADC8C41A6E5DCC00C0EA5C /* Sources */ = {
			isa = PBXSourcesBuildPhase;
			buildActionMask = 2147483647;
			files = (
				FAADC8CF1A6E5DCC00C0EA5C /* webappTests.swift in Sources */,
			);
			runOnlyForDeploymentPostprocessing = 0;
		};
/* End PBXSourcesBuildPhase section */

/* Begin PBXTargetDependency section */
		FAADC8CA1A6E5DCC00C0EA5C /* PBXTargetDependency */ = {
			isa = PBXTargetDependency;
			target = FAADC8B21A6E5DCC00C0EA5C /* webapp */;
			targetProxy = FAADC8C91A6E5DCC00C0EA5C /* PBXContainerItemProxy */;
		};
/* End PBXTargetDependency section */

/* Begin PBXVariantGroup section */
		FAADC8BC1A6E5DCC00C0EA5C /* Main.storyboard */ = {
			isa = PBXVariantGroup;
			children = (
				FAADC8BD1A6E5DCC00C0EA5C /* Base */,
			);
			name = Main.storyboard;
			sourceTree = "<group>";
		};
		FAADC8C11A6E5DCC00C0EA5C /* LaunchScreen.xib */ = {
			isa = PBXVariantGroup;
			children = (
				FAADC8C21A6E5DCC00C0EA5C /* Base */,
			);
			name = LaunchScreen.xib;
			sourceTree = "<group>";
		};
/* End PBXVariantGroup section */

/* Begin XCBuildConfiguration section */
		FAADC8D01A6E5DCC00C0EA5C /* Debug */ = {
			isa = XCBuildConfiguration;
			buildSettings = {
				ALWAYS_SEARCH_USER_PATHS = NO;
				CLANG_CXX_LANGUAGE_STANDARD = "gnu++0x";
				CLANG_CXX_LIBRARY = "libc++";
				CLANG_ENABLE_MODULES = YES;
				CLANG_ENABLE_OBJC_ARC = YES;
				CLANG_WARN_BOOL_CONVERSION = YES;
				CLANG_WARN_CONSTANT_CONVERSION = YES;
				CLANG_WARN_DIRECT_OBJC_ISA_USAGE = YES_ERROR;
				CLANG_WARN_EMPTY_BODY = YES;
				CLANG_WARN_ENUM_CONVERSION = YES;
				CLANG_WARN_INT_CONVERSION = YES;
				CLANG_WARN_OBJC_ROOT_CLASS = YES_ERROR;
				CLANG_WARN_UNREACHABLE_CODE = YES;
				CLANG_WARN__DUPLICATE_METHOD_MATCH = YES;
				"CODE_SIGN_IDENTITY[sdk=iphoneos*]" = "iPhone Developer";
				COPY_PHASE_STRIP = NO;
				ENABLE_STRICT_OBJC_MSGSEND = YES;
				GCC_C_LANGUAGE_STANDARD = gnu99;
				GCC_DYNAMIC_NO_PIC = NO;
				GCC_OPTIMIZATION_LEVEL = 0;
				GCC_PREPROCESSOR_DEFINITIONS = (
					"DEBUG=1",
					"$(inherited)",
				);
				GCC_SYMBOLS_PRIVATE_EXTERN = NO;
				GCC_WARN_64_TO_32_BIT_CONVERSION = YES;
				GCC_WARN_ABOUT_RETURN_TYPE = YES_ERROR;
				GCC_WARN_UNDECLARED_SELECTOR = YES;
				GCC_WARN_UNINITIALIZED_AUTOS = YES_AGGRESSIVE;
				GCC_WARN_UNUSED_FUNCTION = YES;
				GCC_WARN_UNUSED_VARIABLE = YES;
				IPHONEOS_DEPLOYMENT_TARGET = 8.1;
				MTL_ENABLE_DEBUG_INFO = YES;
				ONLY_ACTIVE_ARCH = YES;
				SDKROOT = iphoneos;
				SWIFT_OPTIMIZATION_LEVEL = "-Onone";
				TARGETED_DEVICE_FAMILY = "1,2";
			};
			name = Debug;
		};
		FAADC8D11A6E5DCC00C0EA5C /* Release */ = {
			isa = XCBuildConfiguration;
			buildSettings = {
				ALWAYS_SEARCH_USER_PATHS = NO;
				CLANG_CXX_LANGUAGE_STANDARD = "gnu++0x";
				CLANG_CXX_LIBRARY = "libc++";
				CLANG_ENABLE_MODULES = YES;
				CLANG_ENABLE_OBJC_ARC = YES;
				CLANG_WARN_BOOL_CONVERSION = YES;
				CLANG_WARN_CONSTANT_CONVERSION = YES;
				CLANG_WARN_DIRECT_OBJC_ISA_USAGE = YES_ERROR;
				CLANG_WARN_EMPTY_BODY = YES;
				CLANG_WARN_ENUM_CONVERSION = YES;
				CLANG_WARN_INT_CONVERSION = YES;
				CLANG_WARN_OBJC_ROOT_CLASS = YES_ERROR;
				CLANG_WARN_UNREACHABLE_CODE = YES;
				CLANG_WARN__DUPLICATE_METHOD_MATCH = YES;
				"CODE_SIGN_IDENTITY[sdk=iphoneos*]" = "iPhone Developer";
				COPY_PHASE_STRIP = YES;
				ENABLE_NS_ASSERTIONS = NO;
				ENABLE_STRICT_OBJC_MSGSEND = YES;
				GCC_C_LANGUAGE_STANDARD = gnu99;
				GCC_WARN_64_TO_32_BIT_CONVERSION = YES;
				GCC_WARN_ABOUT_RETURN_TYPE = YES_ERROR;
				GCC_WARN_UNDECLARED_SELECTOR = YES;
				GCC_WARN_UNINITIALIZED_AUTOS = YES_AGGRESSIVE;
				GCC_WARN_UNUSED_FUNCTION = YES;
				GCC_WARN_UNUSED_VARIABLE = YES;
				IPHONEOS_DEPLOYMENT_TARGET = 8.1;
				MTL_ENABLE_DEBUG_INFO = NO;
				SDKROOT = iphoneos;
				TARGETED_DEVICE_FAMILY = "1,2";
				VALIDATE_PRODUCT = YES;
			};
			name = Release;
		};
		FAADC8D31A6E5DCC00C0EA5C /* Debug */ = {
			isa = XCBuildConfiguration;
			buildSettings = {
				ASSETCATALOG_COMPILER_APPICON_NAME = AppIcon;
				INFOPLIST_FILE = webapp/Info.plist;
				LD_RUNPATH_SEARCH_PATHS = "$(inherited) @executable_path/Frameworks";
				PRODUCT_NAME = "$(TARGET_NAME)";
			};
			name = Debug;
		};
		FAADC8D41A6E5DCC00C0EA5C /* Release */ = {
			isa = XCBuildConfiguration;
			buildSettings = {
				ASSETCATALOG_COMPILER_APPICON_NAME = AppIcon;
				INFOPLIST_FILE = webapp/Info.plist;
				LD_RUNPATH_SEARCH_PATHS = "$(inherited) @executable_path/Frameworks";
				PRODUCT_NAME = "$(TARGET_NAME)";
			};
			name = Release;
		};
		FAADC8D61A6E5DCC00C0EA5C /* Debug */ = {
			isa = XCBuildConfiguration;
			buildSettings = {
				BUNDLE_LOADER = "$(TEST_HOST)";
				FRAMEWORK_SEARCH_PATHS = (
					"$(SDKROOT)/Developer/Library/Frameworks",
					"$(inherited)",
				);
				GCC_PREPROCESSOR_DEFINITIONS = (
					"DEBUG=1",
					"$(inherited)",
				);
				INFOPLIST_FILE = webappTests/Info.plist;
				LD_RUNPATH_SEARCH_PATHS = "$(inherited) @executable_path/Frameworks @loader_path/Frameworks";
				PRODUCT_NAME = "$(TARGET_NAME)";
				TEST_HOST = "$(BUILT_PRODUCTS_DIR)/webapp.app/webapp";
			};
			name = Debug;
		};
		FAADC8D71A6E5DCC00C0EA5C /* Release */ = {
			isa = XCBuildConfiguration;
			buildSettings = {
				BUNDLE_LOADER = "$(TEST_HOST)";
				FRAMEWORK_SEARCH_PATHS = (
					"$(SDKROOT)/Developer/Library/Frameworks",
					"$(inherited)",
				);
				INFOPLIST_FILE = webappTests/Info.plist;
				LD_RUNPATH_SEARCH_PATHS = "$(inherited) @executable_path/Frameworks @loader_path/Frameworks";
				PRODUCT_NAME = "$(TARGET_NAME)";
				TEST_HOST = "$(BUILT_PRODUCTS_DIR)/webapp.app/webapp";
			};
			name = Release;
		};
/* End XCBuildConfiguration section */

/* Begin XCConfigurationList section */
		FAADC8AE1A6E5DCC00C0EA5C /* Build configuration list for PBXProject "webapp" */ = {
			isa = XCConfigurationList;
			buildConfigurations = (
				FAADC8D01A6E5DCC00C0EA5C /* Debug */,
				FAADC8D11A6E5DCC00C0EA5C /* Release */,
			);
			defaultConfigurationIsVisible = 0;
			defaultConfigurationName = Release;
		};
		FAADC8D21A6E5DCC00C0EA5C /* Build configuration list for PBXNativeTarget "webapp" */ = {
			isa = XCConfigurationList;
			buildConfigurations = (
				FAADC8D31A6E5DCC00C0EA5C /* Debug */,
				FAADC8D41A6E5DCC00C0EA5C /* Release */,
			);
			defaultConfigurationIsVisible = 0;
		};
		FAADC8D51A6E5DCC00C0EA5C /* Build configuration list for PBXNativeTarget "webappTests" */ = {
			isa = XCConfigurationList;
			buildConfigurations = (
				FAADC8D61A6E5DCC00C0EA5C /* Debug */,
				FAADC8D71A6E5DCC00C0EA5C /* Release */,
			);
			defaultConfigurationIsVisible = 0;
		};
/* End XCConfigurationList section */
	};
	rootObject = FAADC8AB1A6E5DCC00C0EA5C /* Project object */;
}
